
Microsoft Visual Studio Solution File, Format Version 12.00
# Visual Studio Version 17
VisualStudioVersion = 17.9.34728.123
MinimumVisualStudioVersion = 10.0.40219.1
Project("{9A19103F-16F7-4668-BE54-9A1E7A4F7556}") = "PruebaNet", "PruebaNet\PruebaNet.csproj", "{24A80A58-AB7D-4D56-8B65-FF4E5895B111}"
EndProject
Project("{9A19103F-16F7-4668-BE54-9A1E7A4F7556}") = "PruebaNetFrontEnd", "PruebaNetFrontEnd\PruebaNetFrontEnd.csproj", "{4CAF66A1-86E5-4329-AAC5-F7DF21F0ED1A}"
EndProject
Project("{FAE04EC0-301F-11D3-BF4B-00C04F79EFBC}") = "PruebaNetWF", "PruebaNetWF\PruebaNetWF.csproj", "{2D594846-60FF-4A64-951E-866E0CC9934A}"
EndProject
Global
	GlobalSection(SolutionConfigurationPlatforms) = preSolution
		Debug|Any CPU = Debug|Any CPU
		Release|Any CPU = Release|Any CPU
	EndGlobalSection
	GlobalSection(ProjectConfigurationPlatforms) = postSolution
		{24A80A58-AB7D-4D56-8B65-FF4E5895B111}.Debug|Any CPU.ActiveCfg = Debug|Any CPU
		{24A80A58-AB7D-4D56-8B65-FF4E5895B111}.Debug|Any CPU.Build.0 = Debug|Any CPU
		{24A80A58-AB7D-4D56-8B65-FF4E5895B111}.Release|Any CPU.ActiveCfg = Release|Any CPU
		{24A80A58-AB7D-4D56-8B65-FF4E5895B111}.Release|Any CPU.Build.0 = Release|Any CPU
		{4CAF66A1-86E5-4329-AAC5-F7DF21F0ED1A}.Debug|Any CPU.ActiveCfg = Debug|Any CPU
		{4CAF66A1-86E5-4329-AAC5-F7DF21F0ED1A}.Debug|Any CPU.Build.0 = Debug|Any CPU
		{4CAF66A1-86E5-4329-AAC5-F7DF21F0ED1A}.Release|Any CPU.ActiveCfg = Release|Any CPU
		{4CAF66A1-86E5-4329-AAC5-F7DF21F0ED1A}.Release|Any CPU.Build.0 = Release|Any CPU
		{2D594846-60FF-4A64-951E-866E0CC9934A}.Debug|Any CPU.ActiveCfg = Debug|Any CPU
		{2D594846-60FF-4A64-951E-866E0CC9934A}.Debug|Any CPU.Build.0 = Debug|Any CPU
		{2D594846-60FF-4A64-951E-866E0CC9934A}.Release|Any CPU.ActiveCfg = Release|Any CPU
		{2D594846-60FF-4A64-951E-866E0CC9934A}.Release|Any CPU.Build.0 = Release|Any CPU
	EndGlobalSection
	GlobalSection(SolutionProperties) = preSolution
		HideSolutionNode = FALSE
	EndGlobalSection
	GlobalSection(ExtensibilityGlobals) = postSolution
		SolutionGuid = {326E3991-7528-4AFA-AA3F-80E3F0A6D3BB}
	EndGlobalSection
EndGlobal
